
Microsoft Visual Studio Solution File, Format Version 12.00
# Visual Studio Version 17
VisualStudioVersion = 17.4.33103.184
MinimumVisualStudioVersion = 10.0.40219.1
Project("{FAE04EC0-301F-11D3-BF4B-00C04F79EFBC}") = "Kontakty_V1", "Kontakty_V1\Kontakty_V1.csproj", "{32C6F4C9-2E63-4F12-AB08-AE2F98E83708}"
EndProject
Global
	GlobalSection(SolutionConfigurationPlatforms) = preSolution
		Debug|Any CPU = Debug|Any CPU
		Release|Any CPU = Release|Any CPU
	EndGlobalSection
	GlobalSection(ProjectConfigurationPlatforms) = postSolution
		{32C6F4C9-2E63-4F12-AB08-AE2F98E83708}.Debug|Any CPU.ActiveCfg = Debug|Any CPU
		{32C6F4C9-2E63-4F12-AB08-AE2F98E83708}.Debug|Any CPU.Build.0 = Debug|Any CPU
		{32C6F4C9-2E63-4F12-AB08-AE2F98E83708}.Release|Any CPU.ActiveCfg = Release|Any CPU
		{32C6F4C9-2E63-4F12-AB08-AE2F98E83708}.Release|Any CPU.Build.0 = Release|Any CPU
	EndGlobalSection
	GlobalSection(SolutionProperties) = preSolution
		HideSolutionNode = FALSE
	EndGlobalSection
	GlobalSection(ExtensibilityGlobals) = postSolution
		SolutionGuid = {58A4323E-770F-4E53-A73B-B152D710F8D8}
	EndGlobalSection
EndGlobal
