
Microsoft Visual Studio Solution File, Format Version 12.00
# Visual Studio Version 17
VisualStudioVersion = 17.3.32929.385
MinimumVisualStudioVersion = 10.0.40219.1
Project("{9A19103F-16F7-4668-BE54-9A1E7A4F7556}") = "Console1", "Console1\Console1.csproj", "{3FE65B53-1F06-4F9D-A8F8-E9975128A798}"
EndProject
Project("{FAE04EC0-301F-11D3-BF4B-00C04F79EFBC}") = "Console1.Test", "Console1.Test\Console1.Test.csproj", "{E6BE174C-FA63-457F-B994-4BBC89EB13D3}"
EndProject
Global
	GlobalSection(SolutionConfigurationPlatforms) = preSolution
		Debug|Any CPU = Debug|Any CPU
		Release|Any CPU = Release|Any CPU
	EndGlobalSection
	GlobalSection(ProjectConfigurationPlatforms) = postSolution
		{3FE65B53-1F06-4F9D-A8F8-E9975128A798}.Debug|Any CPU.ActiveCfg = Debug|Any CPU
		{3FE65B53-1F06-4F9D-A8F8-E9975128A798}.Debug|Any CPU.Build.0 = Debug|Any CPU
		{3FE65B53-1F06-4F9D-A8F8-E9975128A798}.Release|Any CPU.ActiveCfg = Release|Any CPU
		{3FE65B53-1F06-4F9D-A8F8-E9975128A798}.Release|Any CPU.Build.0 = Release|Any CPU
		{E6BE174C-FA63-457F-B994-4BBC89EB13D3}.Debug|Any CPU.ActiveCfg = Debug|Any CPU
		{E6BE174C-FA63-457F-B994-4BBC89EB13D3}.Debug|Any CPU.Build.0 = Debug|Any CPU
		{E6BE174C-FA63-457F-B994-4BBC89EB13D3}.Release|Any CPU.ActiveCfg = Release|Any CPU
		{E6BE174C-FA63-457F-B994-4BBC89EB13D3}.Release|Any CPU.Build.0 = Release|Any CPU
	EndGlobalSection
	GlobalSection(SolutionProperties) = preSolution
		HideSolutionNode = FALSE
	EndGlobalSection
	GlobalSection(ExtensibilityGlobals) = postSolution
		SolutionGuid = {0D39C80A-DCC2-4A90-B6B9-8AD23F251992}
	EndGlobalSection
EndGlobal
