
Microsoft Visual Studio Solution File, Format Version 12.00
# Visual Studio Version 17
VisualStudioVersion = 17.4.33122.133
MinimumVisualStudioVersion = 10.0.40219.1
Project("{FAE04EC0-301F-11D3-BF4B-00C04F79EFBC}") = "NWD_WPF", "NWD_WPF\NWD_WPF.csproj", "{4A51502B-C6FB-45DD-8DE8-6DA7D4899A08}"
EndProject
Global
	GlobalSection(SolutionConfigurationPlatforms) = preSolution
		Debug|Any CPU = Debug|Any CPU
		Release|Any CPU = Release|Any CPU
	EndGlobalSection
	GlobalSection(ProjectConfigurationPlatforms) = postSolution
		{4A51502B-C6FB-45DD-8DE8-6DA7D4899A08}.Debug|Any CPU.ActiveCfg = Debug|Any CPU
		{4A51502B-C6FB-45DD-8DE8-6DA7D4899A08}.Debug|Any CPU.Build.0 = Debug|Any CPU
		{4A51502B-C6FB-45DD-8DE8-6DA7D4899A08}.Release|Any CPU.ActiveCfg = Release|Any CPU
		{4A51502B-C6FB-45DD-8DE8-6DA7D4899A08}.Release|Any CPU.Build.0 = Release|Any CPU
	EndGlobalSection
	GlobalSection(SolutionProperties) = preSolution
		HideSolutionNode = FALSE
	EndGlobalSection
	GlobalSection(ExtensibilityGlobals) = postSolution
		SolutionGuid = {A3164D00-F66B-48A9-B454-585678881BDA}
	EndGlobalSection
EndGlobal
