
Microsoft Visual Studio Solution File, Format Version 12.00
# Visual Studio Version 17
VisualStudioVersion = 17.5.33414.496
MinimumVisualStudioVersion = 10.0.40219.1
Project("{FAE04EC0-301F-11D3-BF4B-00C04F79EFBC}") = "WinformsAdoNet", "WinformsAdoNet\WinformsAdoNet.csproj", "{367C9D38-ADBC-4C5C-B531-111F33294E67}"
EndProject
Global
	GlobalSection(SolutionConfigurationPlatforms) = preSolution
		Debug|Any CPU = Debug|Any CPU
		Release|Any CPU = Release|Any CPU
	EndGlobalSection
	GlobalSection(ProjectConfigurationPlatforms) = postSolution
		{367C9D38-ADBC-4C5C-B531-111F33294E67}.Debug|Any CPU.ActiveCfg = Debug|Any CPU
		{367C9D38-ADBC-4C5C-B531-111F33294E67}.Debug|Any CPU.Build.0 = Debug|Any CPU
		{367C9D38-ADBC-4C5C-B531-111F33294E67}.Release|Any CPU.ActiveCfg = Release|Any CPU
		{367C9D38-ADBC-4C5C-B531-111F33294E67}.Release|Any CPU.Build.0 = Release|Any CPU
	EndGlobalSection
	GlobalSection(SolutionProperties) = preSolution
		HideSolutionNode = FALSE
	EndGlobalSection
	GlobalSection(ExtensibilityGlobals) = postSolution
		SolutionGuid = {00A52164-36C4-499B-8185-29D5F8BC7CC8}
	EndGlobalSection
EndGlobal
