
Microsoft Visual Studio Solution File, Format Version 12.00
# Visual Studio Version 17
VisualStudioVersion = 17.3.32929.385
MinimumVisualStudioVersion = 10.0.40219.1
Project("{FAE04EC0-301F-11D3-BF4B-00C04F79EFBC}") = "OgloszeniaMVCMysql", "OgloszeniaMVCMysql\OgloszeniaMVCMysql.csproj", "{38FB0915-08C0-448B-93A3-350B2E7B12E3}"
EndProject
Global
	GlobalSection(SolutionConfigurationPlatforms) = preSolution
		Debug|Any CPU = Debug|Any CPU
		Release|Any CPU = Release|Any CPU
	EndGlobalSection
	GlobalSection(ProjectConfigurationPlatforms) = postSolution
		{38FB0915-08C0-448B-93A3-350B2E7B12E3}.Debug|Any CPU.ActiveCfg = Debug|Any CPU
		{38FB0915-08C0-448B-93A3-350B2E7B12E3}.Debug|Any CPU.Build.0 = Debug|Any CPU
		{38FB0915-08C0-448B-93A3-350B2E7B12E3}.Release|Any CPU.ActiveCfg = Release|Any CPU
		{38FB0915-08C0-448B-93A3-350B2E7B12E3}.Release|Any CPU.Build.0 = Release|Any CPU
	EndGlobalSection
	GlobalSection(SolutionProperties) = preSolution
		HideSolutionNode = FALSE
	EndGlobalSection
	GlobalSection(ExtensibilityGlobals) = postSolution
		SolutionGuid = {A93C1C7D-CDA3-456D-B8C4-D6BC1AA7484C}
	EndGlobalSection
EndGlobal
