
Microsoft Visual Studio Solution File, Format Version 12.00
# Visual Studio Version 17
VisualStudioVersion = 17.4.33110.190
MinimumVisualStudioVersion = 10.0.40219.1
Project("{FAE04EC0-301F-11D3-BF4B-00C04F79EFBC}") = "Ogloszenia2MVC", "Ogloszenia2MVC\Ogloszenia2MVC.csproj", "{2BF61F9A-5BF5-4A8D-84B9-32C7D11768D6}"
EndProject
Global
	GlobalSection(SolutionConfigurationPlatforms) = preSolution
		Debug|Any CPU = Debug|Any CPU
		Release|Any CPU = Release|Any CPU
	EndGlobalSection
	GlobalSection(ProjectConfigurationPlatforms) = postSolution
		{2BF61F9A-5BF5-4A8D-84B9-32C7D11768D6}.Debug|Any CPU.ActiveCfg = Debug|Any CPU
		{2BF61F9A-5BF5-4A8D-84B9-32C7D11768D6}.Debug|Any CPU.Build.0 = Debug|Any CPU
		{2BF61F9A-5BF5-4A8D-84B9-32C7D11768D6}.Release|Any CPU.ActiveCfg = Release|Any CPU
		{2BF61F9A-5BF5-4A8D-84B9-32C7D11768D6}.Release|Any CPU.Build.0 = Release|Any CPU
	EndGlobalSection
	GlobalSection(SolutionProperties) = preSolution
		HideSolutionNode = FALSE
	EndGlobalSection
	GlobalSection(ExtensibilityGlobals) = postSolution
		SolutionGuid = {6E561E59-080C-42DB-BB5C-1E39731F198D}
	EndGlobalSection
EndGlobal
